
Microsoft Visual Studio Solution File, Format Version 12.00
# Visual Studio Version 16
VisualStudioVersion = 16.0.31402.337
MinimumVisualStudioVersion = 10.0.40219.1
Project("{FAE04EC0-301F-11D3-BF4B-00C04F79EFBC}") = "UserDefinedConversions", "UserDefinedConversions\UserDefinedConversions.csproj", "{B1EAC952-2691-4A3C-A8A6-901A648B1171}"
EndProject
Global
	GlobalSection(SolutionConfigurationPlatforms) = preSolution
		Debug|Any CPU = Debug|Any CPU
		Release|Any CPU = Release|Any CPU
	EndGlobalSection
	GlobalSection(ProjectConfigurationPlatforms) = postSolution
		{B1EAC952-2691-4A3C-A8A6-901A648B1171}.Debug|Any CPU.ActiveCfg = Debug|Any CPU
		{B1EAC952-2691-4A3C-A8A6-901A648B1171}.Debug|Any CPU.Build.0 = Debug|Any CPU
		{B1EAC952-2691-4A3C-A8A6-901A648B1171}.Release|Any CPU.ActiveCfg = Release|Any CPU
		{B1EAC952-2691-4A3C-A8A6-901A648B1171}.Release|Any CPU.Build.0 = Release|Any CPU
	EndGlobalSection
	GlobalSection(SolutionProperties) = preSolution
		HideSolutionNode = FALSE
	EndGlobalSection
	GlobalSection(ExtensibilityGlobals) = postSolution
		SolutionGuid = {CEE15B04-BE6C-451C-8FC4-8701BA3892D1}
	EndGlobalSection
EndGlobal
