
Microsoft Visual Studio Solution File, Format Version 12.00
# Visual Studio Version 16
VisualStudioVersion = 16.0.31402.337
MinimumVisualStudioVersion = 10.0.40219.1
Project("{FAE04EC0-301F-11D3-BF4B-00C04F79EFBC}") = "VirtualKeyword", "VirtualKeyword\VirtualKeyword.csproj", "{5ABEB9A7-4A9C-45F2-9372-2A7EE7E7DA8E}"
EndProject
Global
	GlobalSection(SolutionConfigurationPlatforms) = preSolution
		Debug|Any CPU = Debug|Any CPU
		Release|Any CPU = Release|Any CPU
	EndGlobalSection
	GlobalSection(ProjectConfigurationPlatforms) = postSolution
		{5ABEB9A7-4A9C-45F2-9372-2A7EE7E7DA8E}.Debug|Any CPU.ActiveCfg = Debug|Any CPU
		{5ABEB9A7-4A9C-45F2-9372-2A7EE7E7DA8E}.Debug|Any CPU.Build.0 = Debug|Any CPU
		{5ABEB9A7-4A9C-45F2-9372-2A7EE7E7DA8E}.Release|Any CPU.ActiveCfg = Release|Any CPU
		{5ABEB9A7-4A9C-45F2-9372-2A7EE7E7DA8E}.Release|Any CPU.Build.0 = Release|Any CPU
	EndGlobalSection
	GlobalSection(SolutionProperties) = preSolution
		HideSolutionNode = FALSE
	EndGlobalSection
	GlobalSection(ExtensibilityGlobals) = postSolution
		SolutionGuid = {A33746E6-0EDD-4940-A5B1-2BB929179D79}
	EndGlobalSection
EndGlobal
