
Microsoft Visual Studio Solution File, Format Version 12.00
# Visual Studio Version 16
VisualStudioVersion = 16.0.31402.337
MinimumVisualStudioVersion = 10.0.40219.1
Project("{FAE04EC0-301F-11D3-BF4B-00C04F79EFBC}") = "NonGenericIComparer", "NonGenericIComparer\NonGenericIComparer.csproj", "{11F1AA21-53BC-48AD-BD67-7D2E6FD524C9}"
EndProject
Global
	GlobalSection(SolutionConfigurationPlatforms) = preSolution
		Debug|Any CPU = Debug|Any CPU
		Release|Any CPU = Release|Any CPU
	EndGlobalSection
	GlobalSection(ProjectConfigurationPlatforms) = postSolution
		{11F1AA21-53BC-48AD-BD67-7D2E6FD524C9}.Debug|Any CPU.ActiveCfg = Debug|Any CPU
		{11F1AA21-53BC-48AD-BD67-7D2E6FD524C9}.Debug|Any CPU.Build.0 = Debug|Any CPU
		{11F1AA21-53BC-48AD-BD67-7D2E6FD524C9}.Release|Any CPU.ActiveCfg = Release|Any CPU
		{11F1AA21-53BC-48AD-BD67-7D2E6FD524C9}.Release|Any CPU.Build.0 = Release|Any CPU
	EndGlobalSection
	GlobalSection(SolutionProperties) = preSolution
		HideSolutionNode = FALSE
	EndGlobalSection
	GlobalSection(ExtensibilityGlobals) = postSolution
		SolutionGuid = {8BE76CD1-D43E-4A6A-8060-DD2E172D633E}
	EndGlobalSection
EndGlobal
