
Microsoft Visual Studio Solution File, Format Version 12.00
# Visual Studio Version 16
VisualStudioVersion = 16.0.31402.337
MinimumVisualStudioVersion = 10.0.40219.1
Project("{FAE04EC0-301F-11D3-BF4B-00C04F79EFBC}") = "HttpClient", "HttpClient\HttpClient.csproj", "{9E9F5620-E735-48C7-9D4E-1A6B34E9AA6F}"
EndProject
Global
	GlobalSection(SolutionConfigurationPlatforms) = preSolution
		Debug|Any CPU = Debug|Any CPU
		Release|Any CPU = Release|Any CPU
	EndGlobalSection
	GlobalSection(ProjectConfigurationPlatforms) = postSolution
		{9E9F5620-E735-48C7-9D4E-1A6B34E9AA6F}.Debug|Any CPU.ActiveCfg = Debug|Any CPU
		{9E9F5620-E735-48C7-9D4E-1A6B34E9AA6F}.Debug|Any CPU.Build.0 = Debug|Any CPU
		{9E9F5620-E735-48C7-9D4E-1A6B34E9AA6F}.Release|Any CPU.ActiveCfg = Release|Any CPU
		{9E9F5620-E735-48C7-9D4E-1A6B34E9AA6F}.Release|Any CPU.Build.0 = Release|Any CPU
	EndGlobalSection
	GlobalSection(SolutionProperties) = preSolution
		HideSolutionNode = FALSE
	EndGlobalSection
	GlobalSection(ExtensibilityGlobals) = postSolution
		SolutionGuid = {BE8AD619-FFBE-4A31-896B-E99E22B15538}
	EndGlobalSection
EndGlobal
