
Microsoft Visual Studio Solution File, Format Version 12.00
# Visual Studio Version 16
VisualStudioVersion = 16.0.31402.337
MinimumVisualStudioVersion = 10.0.40219.1
Project("{FAE04EC0-301F-11D3-BF4B-00C04F79EFBC}") = "IFormattableInterface", "IFormattableInterface\IFormattableInterface.csproj", "{450500B6-26D7-46D0-BA7B-5329B638F078}"
EndProject
Global
	GlobalSection(SolutionConfigurationPlatforms) = preSolution
		Debug|Any CPU = Debug|Any CPU
		Release|Any CPU = Release|Any CPU
	EndGlobalSection
	GlobalSection(ProjectConfigurationPlatforms) = postSolution
		{450500B6-26D7-46D0-BA7B-5329B638F078}.Debug|Any CPU.ActiveCfg = Debug|Any CPU
		{450500B6-26D7-46D0-BA7B-5329B638F078}.Debug|Any CPU.Build.0 = Debug|Any CPU
		{450500B6-26D7-46D0-BA7B-5329B638F078}.Release|Any CPU.ActiveCfg = Release|Any CPU
		{450500B6-26D7-46D0-BA7B-5329B638F078}.Release|Any CPU.Build.0 = Release|Any CPU
	EndGlobalSection
	GlobalSection(SolutionProperties) = preSolution
		HideSolutionNode = FALSE
	EndGlobalSection
	GlobalSection(ExtensibilityGlobals) = postSolution
		SolutionGuid = {25C86E30-F1E1-4C8A-B0C2-12562367CE2B}
	EndGlobalSection
EndGlobal
