
Microsoft Visual Studio Solution File, Format Version 12.00
# Visual Studio Version 16
VisualStudioVersion = 16.0.31402.337
MinimumVisualStudioVersion = 10.0.40219.1
Project("{FAE04EC0-301F-11D3-BF4B-00C04F79EFBC}") = "GenericIEqualityComparer", "GenericIEqualityComparer\GenericIEqualityComparer.csproj", "{59FC81C8-60F5-4DEA-85E2-F8B4510D8688}"
EndProject
Global
	GlobalSection(SolutionConfigurationPlatforms) = preSolution
		Debug|Any CPU = Debug|Any CPU
		Release|Any CPU = Release|Any CPU
	EndGlobalSection
	GlobalSection(ProjectConfigurationPlatforms) = postSolution
		{59FC81C8-60F5-4DEA-85E2-F8B4510D8688}.Debug|Any CPU.ActiveCfg = Debug|Any CPU
		{59FC81C8-60F5-4DEA-85E2-F8B4510D8688}.Debug|Any CPU.Build.0 = Debug|Any CPU
		{59FC81C8-60F5-4DEA-85E2-F8B4510D8688}.Release|Any CPU.ActiveCfg = Release|Any CPU
		{59FC81C8-60F5-4DEA-85E2-F8B4510D8688}.Release|Any CPU.Build.0 = Release|Any CPU
	EndGlobalSection
	GlobalSection(SolutionProperties) = preSolution
		HideSolutionNode = FALSE
	EndGlobalSection
	GlobalSection(ExtensibilityGlobals) = postSolution
		SolutionGuid = {BA9EEC7C-08B8-4858-AA2F-573AC8C0D350}
	EndGlobalSection
EndGlobal
