
Microsoft Visual Studio Solution File, Format Version 12.00
# Visual Studio Version 16
VisualStudioVersion = 16.0.31402.337
MinimumVisualStudioVersion = 10.0.40219.1
Project("{FAE04EC0-301F-11D3-BF4B-00C04F79EFBC}") = "TaskCompletion", "TaskCompletion\TaskCompletion.csproj", "{B99C139D-FB75-4900-8BA4-FA0230C301DD}"
EndProject
Global
	GlobalSection(SolutionConfigurationPlatforms) = preSolution
		Debug|Any CPU = Debug|Any CPU
		Release|Any CPU = Release|Any CPU
	EndGlobalSection
	GlobalSection(ProjectConfigurationPlatforms) = postSolution
		{B99C139D-FB75-4900-8BA4-FA0230C301DD}.Debug|Any CPU.ActiveCfg = Debug|Any CPU
		{B99C139D-FB75-4900-8BA4-FA0230C301DD}.Debug|Any CPU.Build.0 = Debug|Any CPU
		{B99C139D-FB75-4900-8BA4-FA0230C301DD}.Release|Any CPU.ActiveCfg = Release|Any CPU
		{B99C139D-FB75-4900-8BA4-FA0230C301DD}.Release|Any CPU.Build.0 = Release|Any CPU
	EndGlobalSection
	GlobalSection(SolutionProperties) = preSolution
		HideSolutionNode = FALSE
	EndGlobalSection
	GlobalSection(ExtensibilityGlobals) = postSolution
		SolutionGuid = {77438D24-2ACA-465C-B712-354DCC820566}
	EndGlobalSection
EndGlobal
