
Microsoft Visual Studio Solution File, Format Version 12.00
# Visual Studio Version 16
VisualStudioVersion = 16.0.31402.337
MinimumVisualStudioVersion = 10.0.40219.1
Project("{FAE04EC0-301F-11D3-BF4B-00C04F79EFBC}") = "GenericIComparer", "GenericIComparer\GenericIComparer.csproj", "{CC0FF565-BF16-41DF-8549-0C5FBD748807}"
EndProject
Global
	GlobalSection(SolutionConfigurationPlatforms) = preSolution
		Debug|Any CPU = Debug|Any CPU
		Release|Any CPU = Release|Any CPU
	EndGlobalSection
	GlobalSection(ProjectConfigurationPlatforms) = postSolution
		{CC0FF565-BF16-41DF-8549-0C5FBD748807}.Debug|Any CPU.ActiveCfg = Debug|Any CPU
		{CC0FF565-BF16-41DF-8549-0C5FBD748807}.Debug|Any CPU.Build.0 = Debug|Any CPU
		{CC0FF565-BF16-41DF-8549-0C5FBD748807}.Release|Any CPU.ActiveCfg = Release|Any CPU
		{CC0FF565-BF16-41DF-8549-0C5FBD748807}.Release|Any CPU.Build.0 = Release|Any CPU
	EndGlobalSection
	GlobalSection(SolutionProperties) = preSolution
		HideSolutionNode = FALSE
	EndGlobalSection
	GlobalSection(ExtensibilityGlobals) = postSolution
		SolutionGuid = {EF99377A-E8D9-4395-9D09-C4F369658056}
	EndGlobalSection
EndGlobal
