
Microsoft Visual Studio Solution File, Format Version 12.00
# Visual Studio Version 16
VisualStudioVersion = 16.0.31402.337
MinimumVisualStudioVersion = 10.0.40219.1
Project("{FAE04EC0-301F-11D3-BF4B-00C04F79EFBC}") = "HidingMembers", "HidingMembers\HidingMembers.csproj", "{F1E671BF-CD1E-4AA5-BC52-52D2BB4C6245}"
EndProject
Global
	GlobalSection(SolutionConfigurationPlatforms) = preSolution
		Debug|Any CPU = Debug|Any CPU
		Release|Any CPU = Release|Any CPU
	EndGlobalSection
	GlobalSection(ProjectConfigurationPlatforms) = postSolution
		{F1E671BF-CD1E-4AA5-BC52-52D2BB4C6245}.Debug|Any CPU.ActiveCfg = Debug|Any CPU
		{F1E671BF-CD1E-4AA5-BC52-52D2BB4C6245}.Debug|Any CPU.Build.0 = Debug|Any CPU
		{F1E671BF-CD1E-4AA5-BC52-52D2BB4C6245}.Release|Any CPU.ActiveCfg = Release|Any CPU
		{F1E671BF-CD1E-4AA5-BC52-52D2BB4C6245}.Release|Any CPU.Build.0 = Release|Any CPU
	EndGlobalSection
	GlobalSection(SolutionProperties) = preSolution
		HideSolutionNode = FALSE
	EndGlobalSection
	GlobalSection(ExtensibilityGlobals) = postSolution
		SolutionGuid = {A3FA0C01-3150-48A7-8620-C47A942E19E8}
	EndGlobalSection
EndGlobal
