
Microsoft Visual Studio Solution File, Format Version 12.00
# Visual Studio Version 16
VisualStudioVersion = 16.0.31402.337
MinimumVisualStudioVersion = 10.0.40219.1
Project("{FAE04EC0-301F-11D3-BF4B-00C04F79EFBC}") = "PolymorphismExample", "PolymorphismExample\PolymorphismExample.csproj", "{17CED452-52E4-4C2F-B244-F84AA1E4114B}"
EndProject
Global
	GlobalSection(SolutionConfigurationPlatforms) = preSolution
		Debug|Any CPU = Debug|Any CPU
		Release|Any CPU = Release|Any CPU
	EndGlobalSection
	GlobalSection(ProjectConfigurationPlatforms) = postSolution
		{17CED452-52E4-4C2F-B244-F84AA1E4114B}.Debug|Any CPU.ActiveCfg = Debug|Any CPU
		{17CED452-52E4-4C2F-B244-F84AA1E4114B}.Debug|Any CPU.Build.0 = Debug|Any CPU
		{17CED452-52E4-4C2F-B244-F84AA1E4114B}.Release|Any CPU.ActiveCfg = Release|Any CPU
		{17CED452-52E4-4C2F-B244-F84AA1E4114B}.Release|Any CPU.Build.0 = Release|Any CPU
	EndGlobalSection
	GlobalSection(SolutionProperties) = preSolution
		HideSolutionNode = FALSE
	EndGlobalSection
	GlobalSection(ExtensibilityGlobals) = postSolution
		SolutionGuid = {EB57F2EE-457B-4A29-9135-189BC96B7C86}
	EndGlobalSection
EndGlobal
