
Microsoft Visual Studio Solution File, Format Version 12.00
# Visual Studio Version 16
VisualStudioVersion = 16.0.31402.337
MinimumVisualStudioVersion = 10.0.40219.1
Project("{FAE04EC0-301F-11D3-BF4B-00C04F79EFBC}") = "ValueEqualityClass", "ValueEqualityClass\ValueEqualityClass.csproj", "{43D12711-2C85-407F-AFEB-E0C2633B6646}"
EndProject
Global
	GlobalSection(SolutionConfigurationPlatforms) = preSolution
		Debug|Any CPU = Debug|Any CPU
		Release|Any CPU = Release|Any CPU
	EndGlobalSection
	GlobalSection(ProjectConfigurationPlatforms) = postSolution
		{43D12711-2C85-407F-AFEB-E0C2633B6646}.Debug|Any CPU.ActiveCfg = Debug|Any CPU
		{43D12711-2C85-407F-AFEB-E0C2633B6646}.Debug|Any CPU.Build.0 = Debug|Any CPU
		{43D12711-2C85-407F-AFEB-E0C2633B6646}.Release|Any CPU.ActiveCfg = Release|Any CPU
		{43D12711-2C85-407F-AFEB-E0C2633B6646}.Release|Any CPU.Build.0 = Release|Any CPU
	EndGlobalSection
	GlobalSection(SolutionProperties) = preSolution
		HideSolutionNode = FALSE
	EndGlobalSection
	GlobalSection(ExtensibilityGlobals) = postSolution
		SolutionGuid = {31BF05C0-7CD7-4F94-8238-E41FA0FCDB02}
	EndGlobalSection
EndGlobal
